# THIS IS AN AUTOGENERATED FILE. DO NOT EDIT THIS FILE DIRECTLY.
# yarn lockfile v1


"handlebars-helper-repeat@https://github.com/r3dlin3/handlebars-helper-repeat#feature/block_params":
  version "1.0.0"
  resolved "https://github.com/r3dlin3/handlebars-helper-repeat#91de2e6496032e8f293b7e9178ecf3fe29d5d010"
